PODS:
  - Kingfisher (7.10.2)
  - RxSwift (5.1.3)
  - SnapKit (5.6.0)
  - SwiftLint (0.54.0)

DEPENDENCIES:
  - Kingfisher
  - RxSwift (~> 5.1.0)
  - SnapKit
  - SwiftLint

SPEC REPOS:
  trunk:
    - Kingfisher
    - RxSwift
    - SnapKit
    - SwiftLint

SPEC CHECKSUMS:
  Kingfisher: 99edc495d3b7607e6425f0d6f6847b2abd6d716d
  RxSwift: 915abbdfb62214aa89ccd0b194d44fb478019b27
  SnapKit: e01d52ebb8ddbc333eefe2132acf85c8227d9c25
  SwiftLint: c1de071d9d08c8aba837545f6254315bc900e211

PODFILE CHECKSUM: a6fdbc59afad40353f56fcaed7b239a06c359676

COCOAPODS: 1.12.1
